
Microsoft Visual Studio Solution File, Format Version 12.00
# Visual Studio 15
VisualStudioVersion = 15.0.27428.2002
MinimumVisualStudioVersion = 10.0.40219.1
Project("{FAE04EC0-301F-11D3-BF4B-00C04F79EFBC}") = "Ch01", "Ch01\Ch01.csproj", "{584F948F-B8A9-4233-B3DA-F04E1BC5D2BE}"
EndProject
Global
	GlobalSection(SolutionConfigurationPlatforms) = preSolution
		Debug|Any CPU = Debug|Any CPU
		Release|Any CPU = Release|Any CPU
	EndGlobalSection
	GlobalSection(ProjectConfigurationPlatforms) = postSolution
		{584F948F-B8A9-4233-B3DA-F04E1BC5D2BE}.Debug|Any CPU.ActiveCfg = Debug|Any CPU
		{584F948F-B8A9-4233-B3DA-F04E1BC5D2BE}.Debug|Any CPU.Build.0 = Debug|Any CPU
		{584F948F-B8A9-4233-B3DA-F04E1BC5D2BE}.Release|Any CPU.ActiveCfg = Release|Any CPU
		{584F948F-B8A9-4233-B3DA-F04E1BC5D2BE}.Release|Any CPU.Build.0 = Release|Any CPU
	EndGlobalSection
	GlobalSection(SolutionProperties) = preSolution
		HideSolutionNode = FALSE
	EndGlobalSection
	GlobalSection(ExtensibilityGlobals) = postSolution
		SolutionGuid = {5CA41161-966F-4A1B-979E-22E0701FB6FB}
	EndGlobalSection
EndGlobal
